// !$*UTF8*$!
{
	archiveVersion = 1;
	classes = {
	};
	objectVersion = 46;
	objects = {

/* Begin PBXBuildFile section */
		C11660601EA509CE0048331E /* main.m in Sources */ = {isa = PBXBuildFile; fileRef = C116605F1EA509CE0048331E /* main.m */; };
		C11660631EA509CE0048331E /* AppDelegate.m in Sources */ = {isa = PBXBuildFile; fileRef = C11660621EA509CE0048331E /* AppDelegate.m */; };
		C11660661EA509CE0048331E /* ViewController.m in Sources */ = {isa = PBXBuildFile; fileRef = C11660651EA509CE0048331E /* ViewController.m */; };
		C11660691EA509CE0048331E /* Main.storyboard in Resources */ = {isa = PBXBuildFile; fileRef = C11660671EA509CE0048331E /* Main.storyboard */; };
		C116606B1EA509CE0048331E /* Assets.xcassets in Resources */ = {isa = PBXBuildFile; fileRef = C116606A1EA509CE0048331E /* Assets.xcassets */; };
		C116606E1EA509CE0048331E /* LaunchScreen.storyboard in Resources */ = {isa = PBXBuildFile; fileRef = C116606C1EA509CE0048331E /* LaunchScreen.storyboard */; };
		C11660791EA509CE0048331E /* LYURLRouteTests.m in Sources */ = {isa = PBXBuildFile; fileRef = C11660781EA509CE0048331E /* LYURLRouteTests.m */; };
		C11660841EA509CE0048331E /* LYURLRouteUITests.m in Sources */ = {isa = PBXBuildFile; fileRef = C11660831EA509CE0048331E /* LYURLRouteUITests.m */; };
/* End PBXBuildFile section */

/* Begin PBXContainerItemProxy section */
		C11660751EA509CE0048331E /* PBXContainerItemProxy */ = {
			isa = PBXContainerItemProxy;
			containerPortal = C11660531EA509CE0048331E /* Project object */;
			proxyType = 1;
			remoteGlobalIDString = C116605A1EA509CE0048331E;
			remoteInfo = LYURLRoute;
		};
		C11660801EA509CE0048331E /* PBXContainerItemProxy */ = {
			isa = PBXContainerItemProxy;
			containerPortal = C11660531EA509CE0048331E /* Project object */;
			proxyType = 1;
			remoteGlobalIDString = C116605A1EA509CE0048331E;
			remoteInfo = LYURLRoute;
		};
/* End PBXContainerItemProxy section */

/* Begin PBXFileReference section */
		C116605B1EA509CE0048331E /* LYURLRoute.app */ = {isa = PBXFileReference; explicitFileType = wrapper.application; includeInIndex = 0; path = LYURLRoute.app; sourceTree = BUILT_PRODUCTS_DIR; };
		C116605F1EA509CE0048331E /* main.m */ = {isa = PBXFileReference; lastKnownFileType = sourcecode.c.objc; path = main.m; sourceTree = "<group>"; };
		C11660611EA509CE0048331E /* AppDelegate.h */ = {isa = PBXFileReference; lastKnownFileType = sourcecode.c.h; path = AppDelegate.h; sourceTree = "<group>"; };
		C11660621EA509CE0048331E /* AppDelegate.m */ = {isa = PBXFileReference; lastKnownFileType = sourcecode.c.objc; path = AppDelegate.m; sourceTree = "<group>"; };
		C11660641EA509CE0048331E /* ViewController.h */ = {isa = PBXFileReference; lastKnownFileType = sourcecode.c.h; path = ViewController.h; sourceTree = "<group>"; };
		C11660651EA509CE0048331E /* ViewController.m */ = {isa = PBXFileReference; lastKnownFileType = sourcecode.c.objc; path = ViewController.m; sourceTree = "<group>"; };
		C11660681EA509CE0048331E /* Base */ = {isa = PBXFileReference; lastKnownFileType = file.storyboard; name = Base; path = Base.lproj/Main.storyboard; sourceTree = "<group>"; };
		C116606A1EA509CE0048331E /* Assets.xcassets */ = {isa = PBXFileReference; lastKnownFileType = folder.assetcatalog; path = Assets.xcassets; sourceTree = "<group>"; };
		C116606D1EA509CE0048331E /* Base */ = {isa = PBXFileReference; lastKnownFileType = file.storyboard; name = Base; path = Base.lproj/LaunchScreen.storyboard; sourceTree = "<group>"; };
		C116606F1EA509CE0048331E /* Info.plist */ = {isa = PBXFileReference; lastKnownFileType = text.plist.xml; path = Info.plist; sourceTree = "<group>"; };
		C11660741EA509CE0048331E /* LYURLRouteTests.xctest */ = {isa = PBXFileReference; explicitFileType = wrapper.cfbundle; includeInIndex = 0; path = LYURLRouteTests.xctest; sourceTree = BUILT_PRODUCTS_DIR; };
		C11660781EA509CE0048331E /* LYURLRouteTests.m */ = {isa = PBXFileReference; lastKnownFileType = sourcecode.c.objc; path = LYURLRouteTests.m; sourceTree = "<group>"; };
		C116607A1EA509CE0048331E /* Info.plist */ = {isa = PBXFileReference; lastKnownFileType = text.plist.xml; path = Info.plist; sourceTree = "<group>"; };
		C116607F1EA509CE0048331E /* LYURLRouteUITests.xctest */ = {isa = PBXFileReference; explicitFileType = wrapper.cfbundle; includeInIndex = 0; path = LYURLRouteUITests.xctest; sourceTree = BUILT_PRODUCTS_DIR; };
		C11660831EA509CE0048331E /* LYURLRouteUITests.m */ = {isa = PBXFileReference; lastKnownFileType = sourcecode.c.objc; path = LYURLRouteUITests.m; sourceTree = "<group>"; };
		C11660851EA509CE0048331E /* Info.plist */ = {isa = PBXFileReference; lastKnownFileType = text.plist.xml; path = Info.plist; sourceTree = "<group>"; };
/* End PBXFileReference section */

/* Begin PBXFrameworksBuildPhase section */
		C11660581EA509CE0048331E /* Frameworks */ = {
			isa = PBXFrameworksBuildPhase;
			buildActionMask = 2147483647;
			files = (
			);
			runOnlyForDeploymentPostprocessing = 0;
		};
		C11660711EA509CE0048331E /* Frameworks */ = {
			isa = PBXFrameworksBuildPhase;
			buildActionMask = 2147483647;
			files = (
			);
			runOnlyForDeploymentPostprocessing = 0;
		};
		C116607C1EA509CE0048331E /* Frameworks */ = {
			isa = PBXFrameworksBuildPhase;
			buildActionMask = 2147483647;
			files = (
			);
			runOnlyForDeploymentPostprocessing = 0;
		};
/* End PBXFrameworksBuildPhase section */

/* Begin PBXGroup section */
		C11660521EA509CE0048331E = {
			isa = PBXGroup;
			children = (
				C116605D1EA509CE0048331E /* LYURLRoute */,
				C11660771EA509CE0048331E /* LYURLRouteTests */,
				C11660821EA509CE0048331E /* LYURLRouteUITests */,
				C116605C1EA509CE0048331E /* Products */,
			);
			sourceTree = "<group>";
		};
		C116605C1EA509CE0048331E /* Products */ = {
			isa = PBXGroup;
			children = (
				C116605B1EA509CE0048331E /* LYURLRoute.app */,
				C11660741EA509CE0048331E /* LYURLRouteTests.xctest */,
				C116607F1EA509CE0048331E /* LYURLRouteUITests.xctest */,
			);
			name = Products;
			sourceTree = "<group>";
		};
		C116605D1EA509CE0048331E /* LYURLRoute */ = {
			isa = PBXGroup;
			children = (
				C11660611EA509CE0048331E /* AppDelegate.h */,
				C11660621EA509CE0048331E /* AppDelegate.m */,
				C11660641EA509CE0048331E /* ViewController.h */,
				C11660651EA509CE0048331E /* ViewController.m */,
				C11660671EA509CE0048331E /* Main.storyboard */,
				C116606A1EA509CE0048331E /* Assets.xcassets */,
				C116606C1EA509CE0048331E /* LaunchScreen.storyboard */,
				C116606F1EA509CE0048331E /* Info.plist */,
				C116605E1EA509CE0048331E /* Supporting Files */,
			);
			path = LYURLRoute;
			sourceTree = "<group>";
		};
		C116605E1EA509CE0048331E /* Supporting Files */ = {
			isa = PBXGroup;
			children = (
				C116605F1EA509CE0048331E /* main.m */,
			);
			name = "Supporting Files";
			sourceTree = "<group>";
		};
		C11660771EA509CE0048331E /* LYURLRouteTests */ = {
			isa = PBXGroup;
			children = (
				C11660781EA509CE0048331E /* LYURLRouteTests.m */,
				C116607A1EA509CE0048331E /* Info.plist */,
			);
			path = LYURLRouteTests;
			sourceTree = "<group>";
		};
		C11660821EA509CE0048331E /* LYURLRouteUITests */ = {
			isa = PBXGroup;
			children = (
				C11660831EA509CE0048331E /* LYURLRouteUITests.m */,
				C11660851EA509CE0048331E /* Info.plist */,
			);
			path = LYURLRouteUITests;
			sourceTree = "<group>";
		};
/* End PBXGroup section */

/* Begin PBXNativeTarget section */
		C116605A1EA509CE0048331E /* LYURLRoute */ = {
			isa = PBXNativeTarget;
			buildConfigurationList = C11660881EA509CE0048331E /* Build configuration list for PBXNativeTarget "LYURLRoute" */;
			buildPhases = (
				C11660571EA509CE0048331E /* Sources */,
				C11660581EA509CE0048331E /* Frameworks */,
				C11660591EA509CE0048331E /* Resources */,
			);
			buildRules = (
			);
			dependencies = (
			);
			name = LYURLRoute;
			productName = LYURLRoute;
			productReference = C116605B1EA509CE0048331E /* LYURLRoute.app */;
			productType = "com.apple.product-type.application";
		};
		C11660731EA509CE0048331E /* LYURLRouteTests */ = {
			isa = PBXNativeTarget;
			buildConfigurationList = C116608B1EA509CE0048331E /* Build configuration list for PBXNativeTarget "LYURLRouteTests" */;
			buildPhases = (
				C11660701EA509CE0048331E /* Sources */,
				C11660711EA509CE0048331E /* Frameworks */,
				C11660721EA509CE0048331E /* Resources */,
			);
			buildRules = (
			);
			dependencies = (
				C11660761EA509CE0048331E /* PBXTargetDependency */,
			);
			name = LYURLRouteTests;
			productName = LYURLRouteTests;
			productReference = C11660741EA509CE0048331E /* LYURLRouteTests.xctest */;
			productType = "com.apple.product-type.bundle.unit-test";
		};
		C116607E1EA509CE0048331E /* LYURLRouteUITests */ = {
			isa = PBXNativeTarget;
			buildConfigurationList = C116608E1EA509CE0048331E /* Build configuration list for PBXNativeTarget "LYURLRouteUITests" */;
			buildPhases = (
				C116607B1EA509CE0048331E /* Sources */,
				C116607C1EA509CE0048331E /* Frameworks */,
				C116607D1EA509CE0048331E /* Resources */,
			);
			buildRules = (
			);
			dependencies = (
				C11660811EA509CE0048331E /* PBXTargetDependency */,
			);
			name = LYURLRouteUITests;
			productName = LYURLRouteUITests;
			productReference = C116607F1EA509CE0048331E /* LYURLRouteUITests.xctest */;
			productType = "com.apple.product-type.bundle.ui-testing";
		};
/* End PBXNativeTarget section */

/* Begin PBXProject section */
		C11660531EA509CE0048331E /* Project object */ = {
			isa = PBXProject;
			attributes = {
				LastUpgradeCheck = 0820;
				ORGANIZATIONNAME = LYKit;
				TargetAttributes = {
					C116605A1EA509CE0048331E = {
						CreatedOnToolsVersion = 8.2.1;
						ProvisioningStyle = Automatic;
					};
					C11660731EA509CE0048331E = {
						CreatedOnToolsVersion = 8.2.1;
						ProvisioningStyle = Automatic;
						TestTargetID = C116605A1EA509CE0048331E;
					};
					C116607E1EA509CE0048331E = {
						CreatedOnToolsVersion = 8.2.1;
						ProvisioningStyle = Automatic;
						TestTargetID = C116605A1EA509CE0048331E;
					};
				};
			};
			buildConfigurationList = C11660561EA509CE0048331E /* Build configuration list for PBXProject "LYURLRoute" */;
			compatibilityVersion = "Xcode 3.2";
			developmentRegion = English;
			hasScannedForEncodings = 0;
			knownRegions = (
				en,
				Base,
			);
			mainGroup = C11660521EA509CE0048331E;
			productRefGroup = C116605C1EA509CE0048331E /* Products */;
			projectDirPath = "";
			projectRoot = "";
			targets = (
				C116605A1EA509CE0048331E /* LYURLRoute */,
				C11660731EA509CE0048331E /* LYURLRouteTests */,
				C116607E1EA509CE0048331E /* LYURLRouteUITests */,
			);
		};
/* End PBXProject section */

/* Begin PBXResourcesBuildPhase section */
		C11660591EA509CE0048331E /* Resources */ = {
			isa = PBXResourcesBuildPhase;
			buildActionMask = 2147483647;
			files = (
				C116606E1EA509CE0048331E /* LaunchScreen.storyboard in Resources */,
				C116606B1EA509CE0048331E /* Assets.xcassets in Resources */,
				C11660691EA509CE0048331E /* Main.storyboard in Resources */,
			);
			runOnlyForDeploymentPostprocessing = 0;
		};
		C11660721EA509CE0048331E /* Resources */ = {
			isa = PBXResourcesBuildPhase;
			buildActionMask = 2147483647;
			files = (
			);
			runOnlyForDeploymentPostprocessing = 0;
		};
		C116607D1EA509CE0048331E /* Resources */ = {
			isa = PBXResourcesBuildPhase;
			buildActionMask = 2147483647;
			files = (
			);
			runOnlyForDeploymentPostprocessing = 0;
		};
/* End PBXResourcesBuildPhase section */

/* Begin PBXSourcesBuildPhase section */
		C11660571EA509CE0048331E /* Sources */ = {
			isa = PBXSourcesBuildPhase;
			buildActionMask = 2147483647;
			files = (
				C11660661EA509CE0048331E /* ViewController.m in Sources */,
				C11660631EA509CE0048331E /* AppDelegate.m in Sources */,
				C11660601EA509CE0048331E /* main.m in Sources */,
			);
			runOnlyForDeploymentPostprocessing = 0;
		};
		C11660701EA509CE0048331E /* Sources */ = {
			isa = PBXSourcesBuildPhase;
			buildActionMask = 2147483647;
			files = (
				C11660791EA509CE0048331E /* LYURLRouteTests.m in Sources */,
			);
			runOnlyForDeploymentPostprocessing = 0;
		};
		C116607B1EA509CE0048331E /* Sources */ = {
			isa = PBXSourcesBuildPhase;
			buildActionMask = 2147483647;
			files = (
				C11660841EA509CE0048331E /* LYURLRouteUITests.m in Sources */,
			);
			runOnlyForDeploymentPostprocessing = 0;
		};
/* End PBXSourcesBuildPhase section */

/* Begin PBXTargetDependency section */
		C11660761EA509CE0048331E /* PBXTargetDependency */ = {
			isa = PBXTargetDependency;
			target = C116605A1EA509CE0048331E /* LYURLRoute */;
			targetProxy = C11660751EA509CE0048331E /* PBXContainerItemProxy */;
		};
		C11660811EA509CE0048331E /* PBXTargetDependency */ = {
			isa = PBXTargetDependency;
			target = C116605A1EA509CE0048331E /* LYURLRoute */;
			targetProxy = C11660801EA509CE0048331E /* PBXContainerItemProxy */;
		};
/* End PBXTargetDependency section */

/* Begin PBXVariantGroup section */
		C11660671EA509CE0048331E /* Main.storyboard */ = {
			isa = PBXVariantGroup;
			children = (
				C11660681EA509CE0048331E /* Base */,
			);
			name = Main.storyboard;
			sourceTree = "<group>";
		};
		C116606C1EA509CE0048331E /* LaunchScreen.storyboard */ = {
			isa = PBXVariantGroup;
			children = (
				C116606D1EA509CE0048331E /* Base */,
			);
			name = LaunchScreen.storyboard;
			sourceTree = "<group>";
		};
/* End PBXVariantGroup section */

/* Begin XCBuildConfiguration section */
		C11660861EA509CE0048331E /* Debug */ = {
			isa = XCBuildConfiguration;
			buildSettings = {
				ALWAYS_SEARCH_USER_PATHS = NO;
				CLANG_ANALYZER_NONNULL = YES;
				CLANG_CXX_LANGUAGE_STANDARD = "gnu++0x";
				CLANG_CXX_LIBRARY = "libc++";
				CLANG_ENABLE_MODULES = YES;
				CLANG_ENABLE_OBJC_ARC = YES;
				CLANG_WARN_BOOL_CONVERSION = YES;
				CLANG_WARN_CONSTANT_CONVERSION = YES;
				CLANG_WARN_DIRECT_OBJC_ISA_USAGE = YES_ERROR;
				CLANG_WARN_DOCUMENTATION_COMMENTS = YES;
				CLANG_WARN_EMPTY_BODY = YES;
				CLANG_WARN_ENUM_CONVERSION = YES;
				CLANG_WARN_INFINITE_RECURSION = YES;
				CLANG_WARN_INT_CONVERSION = YES;
				CLANG_WARN_OBJC_ROOT_CLASS = YES_ERROR;
				CLANG_WARN_SUSPICIOUS_MOVE = YES;
				CLANG_WARN_UNREACHABLE_CODE = YES;
				CLANG_WARN__DUPLICATE_METHOD_MATCH = YES;
				"CODE_SIGN_IDENTITY[sdk=iphoneos*]" = "iPhone Developer";
				COPY_PHASE_STRIP = NO;
				DEBUG_INFORMATION_FORMAT = dwarf;
				ENABLE_STRICT_OBJC_MSGSEND = YES;
				ENABLE_TESTABILITY = YES;
				GCC_C_LANGUAGE_STANDARD = gnu99;
				GCC_DYNAMIC_NO_PIC = NO;
				GCC_NO_COMMON_BLOCKS = YES;
				GCC_OPTIMIZATION_LEVEL = 0;
				GCC_PREPROCESSOR_DEFINITIONS = (
					"DEBUG=1",
					"$(inherited)",
				);
				GCC_WARN_64_TO_32_BIT_CONVERSION = YES;
				GCC_WARN_ABOUT_RETURN_TYPE = YES_ERROR;
				GCC_WARN_UNDECLARED_SELECTOR = YES;
				GCC_WARN_UNINITIALIZED_AUTOS = YES_AGGRESSIVE;
				GCC_WARN_UNUSED_FUNCTION = YES;
				GCC_WARN_UNUSED_VARIABLE = YES;
				IPHONEOS_DEPLOYMENT_TARGET = 10.2;
				MTL_ENABLE_DEBUG_INFO = YES;
				ONLY_ACTIVE_ARCH = YES;
				SDKROOT = iphoneos;
				TARGETED_DEVICE_FAMILY = "1,2";
			};
			name = Debug;
		};
		C11660871EA509CE0048331E /* Release */ = {
			isa = XCBuildConfiguration;
			buildSettings = {
				ALWAYS_SEARCH_USER_PATHS = NO;
				CLANG_ANALYZER_NONNULL = YES;
				CLANG_CXX_LANGUAGE_STANDARD = "gnu++0x";
				CLANG_CXX_LIBRARY = "libc++";
				CLANG_ENABLE_MODULES = YES;
				CLANG_ENABLE_OBJC_ARC = YES;
				CLANG_WARN_BOOL_CONVERSION = YES;
				CLANG_WARN_CONSTANT_CONVERSION = YES;
				CLANG_WARN_DIRECT_OBJC_ISA_USAGE = YES_ERROR;
				CLANG_WARN_DOCUMENTATION_COMMENTS = YES;
				CLANG_WARN_EMPTY_BODY = YES;
				CLANG_WARN_ENUM_CONVERSION = YES;
				CLANG_WARN_INFINITE_RECURSION = YES;
				CLANG_WARN_INT_CONVERSION = YES;
				CLANG_WARN_OBJC_ROOT_CLASS = YES_ERROR;
				CLANG_WARN_SUSPICIOUS_MOVE = YES;
				CLANG_WARN_UNREACHABLE_CODE = YES;
				CLANG_WARN__DUPLICATE_METHOD_MATCH = YES;
				"CODE_SIGN_IDENTITY[sdk=iphoneos*]" = "iPhone Developer";
				COPY_PHASE_STRIP = NO;
				DEBUG_INFORMATION_FORMAT = "dwarf-with-dsym";
				ENABLE_NS_ASSERTIONS = NO;
				ENABLE_STRICT_OBJC_MSGSEND = YES;
				GCC_C_LANGUAGE_STANDARD = gnu99;
				GCC_NO_COMMON_BLOCKS = YES;
				GCC_WARN_64_TO_32_BIT_CONVERSION = YES;
				GCC_WARN_ABOUT_RETURN_TYPE = YES_ERROR;
				GCC_WARN_UNDECLARED_SELECTOR = YES;
				GCC_WARN_UNINITIALIZED_AUTOS = YES_AGGRESSIVE;
				GCC_WARN_UNUSED_FUNCTION = YES;
				GCC_WARN_UNUSED_VARIABLE = YES;
				IPHONEOS_DEPLOYMENT_TARGET = 10.2;
				MTL_ENABLE_DEBUG_INFO = NO;
				SDKROOT = iphoneos;
				TARGETED_DEVICE_FAMILY = "1,2";
				VALIDATE_PRODUCT = YES;
			};
			name = Release;
		};
		C11660891EA509CE0048331E /* Debug */ = {
			isa = XCBuildConfiguration;
			buildSettings = {
				ASSETCATALOG_COMPILER_APPICON_NAME = AppIcon;
				INFOPLIST_FILE = LYURLRoute/Info.plist;
				LD_RUNPATH_SEARCH_PATHS = "$(inherited) @executable_path/Frameworks";
				PRODUCT_BUNDLE_IDENTIFIER = com.zhaoxueliang.LYURLRoute;
				PRODUCT_NAME = "$(TARGET_NAME)";
			};
			name = Debug;
		};
		C116608A1EA509CE0048331E /* Release */ = {
			isa = XCBuildConfiguration;
			buildSettings = {
				ASSETCATALOG_COMPILER_APPICON_NAME = AppIcon;
				INFOPLIST_FILE = LYURLRoute/Info.plist;
				LD_RUNPATH_SEARCH_PATHS = "$(inherited) @executable_path/Frameworks";
				PRODUCT_BUNDLE_IDENTIFIER = com.zhaoxueliang.LYURLRoute;
				PRODUCT_NAME = "$(TARGET_NAME)";
			};
			name = Release;
		};
		C116608C1EA509CE0048331E /* Debug */ = {
			isa = XCBuildConfiguration;
			buildSettings = {
				BUNDLE_LOADER = "$(TEST_HOST)";
				INFOPLIST_FILE = LYURLRouteTests/Info.plist;
				LD_RUNPATH_SEARCH_PATHS = "$(inherited) @executable_path/Frameworks @loader_path/Frameworks";
				PRODUCT_BUNDLE_IDENTIFIER = com.zhaoxueliang.LYURLRouteTests;
				PRODUCT_NAME = "$(TARGET_NAME)";
				TEST_HOST = "$(BUILT_PRODUCTS_DIR)/LYURLRoute.app/LYURLRoute";
			};
			name = Debug;
		};
		C116608D1EA509CE0048331E /* Release */ = {
			isa = XCBuildConfiguration;
			buildSettings = {
				BUNDLE_LOADER = "$(TEST_HOST)";
				INFOPLIST_FILE = LYURLRouteTests/Info.plist;
				LD_RUNPATH_SEARCH_PATHS = "$(inherited) @executable_path/Frameworks @loader_path/Frameworks";
				PRODUCT_BUNDLE_IDENTIFIER = com.zhaoxueliang.LYURLRouteTests;
				PRODUCT_NAME = "$(TARGET_NAME)";
				TEST_HOST = "$(BUILT_PRODUCTS_DIR)/LYURLRoute.app/LYURLRoute";
			};
			name = Release;
		};
		C116608F1EA509CE0048331E /* Debug */ = {
			isa = XCBuildConfiguration;
			buildSettings = {
				INFOPLIST_FILE = LYURLRouteUITests/Info.plist;
				LD_RUNPATH_SEARCH_PATHS = "$(inherited) @executable_path/Frameworks @loader_path/Frameworks";
				PRODUCT_BUNDLE_IDENTIFIER = com.zhaoxueliang.LYURLRouteUITests;
				PRODUCT_NAME = "$(TARGET_NAME)";
				TEST_TARGET_NAME = LYURLRoute;
			};
			name = Debug;
		};
		C11660901EA509CE0048331E /* Release */ = {
			isa = XCBuildConfiguration;
			buildSettings = {
				INFOPLIST_FILE = LYURLRouteUITests/Info.plist;
				LD_RUNPATH_SEARCH_PATHS = "$(inherited) @executable_path/Frameworks @loader_path/Frameworks";
				PRODUCT_BUNDLE_IDENTIFIER = com.zhaoxueliang.LYURLRouteUITests;
				PRODUCT_NAME = "$(TARGET_NAME)";
				TEST_TARGET_NAME = LYURLRoute;
			};
			name = Release;
		};
/* End XCBuildConfiguration section */

/* Begin XCConfigurationList section */
		C11660561EA509CE0048331E /* Build configuration list for PBXProject "LYURLRoute" */ = {
			isa = XCConfigurationList;
			buildConfigurations = (
				C11660861EA509CE0048331E /* Debug */,
				C11660871EA509CE0048331E /* Release */,
			);
			defaultConfigurationIsVisible = 0;
			defaultConfigurationName = Release;
		};
		C11660881EA509CE0048331E /* Build configuration list for PBXNativeTarget "LYURLRoute" */ = {
			isa = XCConfigurationList;
			buildConfigurations = (
				C11660891EA509CE0048331E /* Debug */,
				C116608A1EA509CE0048331E /* Release */,
			);
			defaultConfigurationIsVisible = 0;
		};
		C116608B1EA509CE0048331E /* Build configuration list for PBXNativeTarget "LYURLRouteTests" */ = {
			isa = XCConfigurationList;
			buildConfigurations = (
				C116608C1EA509CE0048331E /* Debug */,
				C116608D1EA509CE0048331E /* Release */,
			);
			defaultConfigurationIsVisible = 0;
		};
		C116608E1EA509CE0048331E /* Build configuration list for PBXNativeTarget "LYURLRouteUITests" */ = {
			isa = XCConfigurationList;
			buildConfigurations = (
				C116608F1EA509CE0048331E /* Debug */,
				C11660901EA509CE0048331E /* Release */,
			);
			defaultConfigurationIsVisible = 0;
		};
/* End XCConfigurationList section */
	};
	rootObject = C11660531EA509CE0048331E /* Project object */;
}
