// !$*UTF8*$!
{
	archiveVersion = 1;
	classes = {
	};
	objectVersion = 50;
	objects = {

/* Begin PBXBuildFile section */
		C120FB7F257796A20050E720 /* TestErrorController.m in Sources */ = {isa = PBXBuildFile; fileRef = C120FB7E257796A20050E720 /* TestErrorController.m */; };
		C120FB8E2578CCC00050E720 /* TestWebHold.m in Sources */ = {isa = PBXBuildFile; fileRef = C120FB8D2578CCC00050E720 /* TestWebHold.m */; };
		C120FB942578E8850050E720 /* TestWebViewController.m in Sources */ = {isa = PBXBuildFile; fileRef = C120FB932578E8850050E720 /* TestWebViewController.m */; };
		C120FB9A2578F3C10050E720 /* TestWebKeyHold.m in Sources */ = {isa = PBXBuildFile; fileRef = C120FB992578F3C00050E720 /* TestWebKeyHold.m */; };
		C120FBDB2579D8C60050E720 /* ZPRouteConfig.m in Sources */ = {isa = PBXBuildFile; fileRef = C120FBA62579D8C50050E720 /* ZPRouteConfig.m */; };
		C120FBDC2579D8C60050E720 /* UIViewController+ZPRouter.m in Sources */ = {isa = PBXBuildFile; fileRef = C120FBA92579D8C50050E720 /* UIViewController+ZPRouter.m */; };
		C120FBDD2579D8C60050E720 /* ZPURLBridge.m in Sources */ = {isa = PBXBuildFile; fileRef = C120FBB02579D8C50050E720 /* ZPURLBridge.m */; };
		C120FBDE2579D8C60050E720 /* UIViewController+PO_RouteURL.m in Sources */ = {isa = PBXBuildFile; fileRef = C120FBB42579D8C50050E720 /* UIViewController+PO_RouteURL.m */; };
		C120FBDF2579D8C60050E720 /* ZPRouterOption.m in Sources */ = {isa = PBXBuildFile; fileRef = C120FBB62579D8C50050E720 /* ZPRouterOption.m */; };
		C120FBE02579D8C60050E720 /* ZPURLRouteSupport.m in Sources */ = {isa = PBXBuildFile; fileRef = C120FBB72579D8C50050E720 /* ZPURLRouteSupport.m */; };
		C120FBE12579D8C60050E720 /* ZPURLRouteHold.m in Sources */ = {isa = PBXBuildFile; fileRef = C120FBB82579D8C50050E720 /* ZPURLRouteHold.m */; };
		C120FBE22579D8C60050E720 /* NSObject+ZPSwizzle.m in Sources */ = {isa = PBXBuildFile; fileRef = C120FBB92579D8C50050E720 /* NSObject+ZPSwizzle.m */; };
		C120FBE32579D8C60050E720 /* ZPLoginHold.m in Sources */ = {isa = PBXBuildFile; fileRef = C120FBBB2579D8C50050E720 /* ZPLoginHold.m */; };
		C120FBE42579D8C60050E720 /* NSObject+P_RouteYYModel.m in Sources */ = {isa = PBXBuildFile; fileRef = C120FBBC2579D8C50050E720 /* NSObject+P_RouteYYModel.m */; };
		C120FBE52579D8C60050E720 /* ZPURLRouteHandle.m in Sources */ = {isa = PBXBuildFile; fileRef = C120FBBE2579D8C50050E720 /* ZPURLRouteHandle.m */; };
		C120FBE62579D8C60050E720 /* ZPURLRoute.m in Sources */ = {isa = PBXBuildFile; fileRef = C120FBC02579D8C50050E720 /* ZPURLRoute.m */; };
		C120FBE72579D8C60050E720 /* P_RouteYYClassInfo.m in Sources */ = {isa = PBXBuildFile; fileRef = C120FBC12579D8C50050E720 /* P_RouteYYClassInfo.m */; };
		C120FBE82579D8C60050E720 /* ZPRouteScheme.m in Sources */ = {isa = PBXBuildFile; fileRef = C120FBC42579D8C50050E720 /* ZPRouteScheme.m */; };
		C120FBE92579D8C60050E720 /* NSDictionary+ZPURLQuery.m in Sources */ = {isa = PBXBuildFile; fileRef = C120FBC62579D8C50050E720 /* NSDictionary+ZPURLQuery.m */; };
		C120FBEA2579D8C60050E720 /* UIViewController+ZPURLRoute.m in Sources */ = {isa = PBXBuildFile; fileRef = C120FBC82579D8C50050E720 /* UIViewController+ZPURLRoute.m */; };
		C120FBEB2579D8C60050E720 /* ZPURLRouteResult.m in Sources */ = {isa = PBXBuildFile; fileRef = C120FBCA2579D8C50050E720 /* ZPURLRouteResult.m */; };
		C120FBEC2579D8C60050E720 /* NSString+ZPRemoveUnderscoreAndInitials.m in Sources */ = {isa = PBXBuildFile; fileRef = C120FBCB2579D8C50050E720 /* NSString+ZPRemoveUnderscoreAndInitials.m */; };
		C120FBED2579D8C60050E720 /* ZPURLRouteConfig.m in Sources */ = {isa = PBXBuildFile; fileRef = C120FBCE2579D8C50050E720 /* ZPURLRouteConfig.m */; };
		C120FBEE2579D8C60050E720 /* ZPDefaultClientURLRoute.plist in Resources */ = {isa = PBXBuildFile; fileRef = C120FBD02579D8C50050E720 /* ZPDefaultClientURLRoute.plist */; };
		C120FBEF2579D8C60050E720 /* NSString+ZPURLCode.m in Sources */ = {isa = PBXBuildFile; fileRef = C120FBD22579D8C50050E720 /* NSString+ZPURLCode.m */; };
		C120FBF02579D8C60050E720 /* NSURL+ZPURLWithStringEncode.m in Sources */ = {isa = PBXBuildFile; fileRef = C120FBD52579D8C50050E720 /* NSURL+ZPURLWithStringEncode.m */; };
		C120FBF12579D8C60050E720 /* NSDictionary+ZPJSON.m in Sources */ = {isa = PBXBuildFile; fileRef = C120FBD72579D8C50050E720 /* NSDictionary+ZPJSON.m */; };
		C120FBF22579D8C60050E720 /* ZPRouteResultModel.m in Sources */ = {isa = PBXBuildFile; fileRef = C120FBD82579D8C50050E720 /* ZPRouteResultModel.m */; };
		C15A829F25763DA7005CC2AB /* TestModuleAControllerTwo.m in Sources */ = {isa = PBXBuildFile; fileRef = C15A829E25763DA7005CC2AB /* TestModuleAControllerTwo.m */; };
		C15A82BB25773CB5005CC2AB /* TestModuleAControllerThree.m in Sources */ = {isa = PBXBuildFile; fileRef = C15A82B925773CB5005CC2AB /* TestModuleAControllerThree.m */; };
		C15A82BC25773CB5005CC2AB /* TestModuleAControllerThree.xib in Resources */ = {isa = PBXBuildFile; fileRef = C15A82BA25773CB5005CC2AB /* TestModuleAControllerThree.xib */; };
		C17E2F302574EB2200A2A409 /* AppDelegate.m in Sources */ = {isa = PBXBuildFile; fileRef = C17E2F2F2574EB2200A2A409 /* AppDelegate.m */; };
		C17E2F362574EB2200A2A409 /* ViewController.m in Sources */ = {isa = PBXBuildFile; fileRef = C17E2F352574EB2200A2A409 /* ViewController.m */; };
		C17E2F392574EB2200A2A409 /* Main.storyboard in Resources */ = {isa = PBXBuildFile; fileRef = C17E2F372574EB2200A2A409 /* Main.storyboard */; };
		C17E2F3B2574EB2500A2A409 /* Assets.xcassets in Resources */ = {isa = PBXBuildFile; fileRef = C17E2F3A2574EB2500A2A409 /* Assets.xcassets */; };
		C17E2F3E2574EB2500A2A409 /* LaunchScreen.storyboard in Resources */ = {isa = PBXBuildFile; fileRef = C17E2F3C2574EB2500A2A409 /* LaunchScreen.storyboard */; };
		C17E2F412574EB2500A2A409 /* main.m in Sources */ = {isa = PBXBuildFile; fileRef = C17E2F402574EB2500A2A409 /* main.m */; };
		C17E2F4B2574EB2500A2A409 /* demoTests.m in Sources */ = {isa = PBXBuildFile; fileRef = C17E2F4A2574EB2500A2A409 /* demoTests.m */; };
		C17E2F562574EB2500A2A409 /* demoUITests.m in Sources */ = {isa = PBXBuildFile; fileRef = C17E2F552574EB2500A2A409 /* demoUITests.m */; };
		C17E307A2575157600A2A409 /* TestRouteConfig.m in Sources */ = {isa = PBXBuildFile; fileRef = C17E30792575157600A2A409 /* TestRouteConfig.m */; };
		C17E30892575199200A2A409 /* TestModule_A.plist in Resources */ = {isa = PBXBuildFile; fileRef = C17E30842575199200A2A409 /* TestModule_A.plist */; };
		C17E308A2575199200A2A409 /* TestModule_B.plist in Resources */ = {isa = PBXBuildFile; fileRef = C17E30852575199200A2A409 /* TestModule_B.plist */; };
		C17E308B2575199200A2A409 /* TestModule_C.plist in Resources */ = {isa = PBXBuildFile; fileRef = C17E30872575199200A2A409 /* TestModule_C.plist */; };
		C17E30B525751DB100A2A409 /* TestModuleAControllerOne.m in Sources */ = {isa = PBXBuildFile; fileRef = C17E30B425751DB100A2A409 /* TestModuleAControllerOne.m */; };
		C17E30BE25751DC500A2A409 /* TestModuleBControllerOne.m in Sources */ = {isa = PBXBuildFile; fileRef = C17E30BD25751DC500A2A409 /* TestModuleBControllerOne.m */; };
		C17E30C425751DD100A2A409 /* TestModuleBControllerTwo.m in Sources */ = {isa = PBXBuildFile; fileRef = C17E30C325751DD100A2A409 /* TestModuleBControllerTwo.m */; };
		C17E30CA25751DF200A2A409 /* TestOneHold.m in Sources */ = {isa = PBXBuildFile; fileRef = C17E30C925751DF200A2A409 /* TestOneHold.m */; };
		C17E30D325751E2B00A2A409 /* TestModuleCControllerOne.m in Sources */ = {isa = PBXBuildFile; fileRef = C17E30D225751E2B00A2A409 /* TestModuleCControllerOne.m */; };
		C1CFDA8F257B2A170059D3FF /* SceneDelegate.m in Sources */ = {isa = PBXBuildFile; fileRef = C1CFDA8E257B2A170059D3FF /* SceneDelegate.m */; };
/* End PBXBuildFile section */

/* Begin PBXContainerItemProxy section */
		C17E2F472574EB2500A2A409 /* PBXContainerItemProxy */ = {
			isa = PBXContainerItemProxy;
			containerPortal = C17E2F232574EB2200A2A409 /* Project object */;
			proxyType = 1;
			remoteGlobalIDString = C17E2F2A2574EB2200A2A409;
			remoteInfo = demo;
		};
		C17E2F522574EB2500A2A409 /* PBXContainerItemProxy */ = {
			isa = PBXContainerItemProxy;
			containerPortal = C17E2F232574EB2200A2A409 /* Project object */;
			proxyType = 1;
			remoteGlobalIDString = C17E2F2A2574EB2200A2A409;
			remoteInfo = demo;
		};
/* End PBXContainerItemProxy section */

/* Begin PBXFileReference section */
		C120FB7D257796A20050E720 /* TestErrorController.h */ = {isa = PBXFileReference; lastKnownFileType = sourcecode.c.h; path = TestErrorController.h; sourceTree = "<group>"; };
		C120FB7E257796A20050E720 /* TestErrorController.m */ = {isa = PBXFileReference; lastKnownFileType = sourcecode.c.objc; path = TestErrorController.m; sourceTree = "<group>"; };
		C120FB8C2578CCC00050E720 /* TestWebHold.h */ = {isa = PBXFileReference; lastKnownFileType = sourcecode.c.h; path = TestWebHold.h; sourceTree = "<group>"; };
		C120FB8D2578CCC00050E720 /* TestWebHold.m */ = {isa = PBXFileReference; lastKnownFileType = sourcecode.c.objc; path = TestWebHold.m; sourceTree = "<group>"; };
		C120FB922578E8850050E720 /* TestWebViewController.h */ = {isa = PBXFileReference; lastKnownFileType = sourcecode.c.h; path = TestWebViewController.h; sourceTree = "<group>"; };
		C120FB932578E8850050E720 /* TestWebViewController.m */ = {isa = PBXFileReference; lastKnownFileType = sourcecode.c.objc; path = TestWebViewController.m; sourceTree = "<group>"; };
		C120FB982578F3C00050E720 /* TestWebKeyHold.h */ = {isa = PBXFileReference; lastKnownFileType = sourcecode.c.h; path = TestWebKeyHold.h; sourceTree = "<group>"; };
		C120FB992578F3C00050E720 /* TestWebKeyHold.m */ = {isa = PBXFileReference; lastKnownFileType = sourcecode.c.objc; path = TestWebKeyHold.m; sourceTree = "<group>"; };
		C120FBA52579D8C50050E720 /* UIViewController+ZPRouter.h */ = {isa = PBXFileReference; fileEncoding = 4; lastKnownFileType = sourcecode.c.h; path = "UIViewController+ZPRouter.h"; sourceTree = "<group>"; };
		C120FBA62579D8C50050E720 /* ZPRouteConfig.m */ = {isa = PBXFileReference; fileEncoding = 4; lastKnownFileType = sourcecode.c.objc; path = ZPRouteConfig.m; sourceTree = "<group>"; };
		C120FBA72579D8C50050E720 /* ZPURLRoutePushProtocol.h */ = {isa = PBXFileReference; fileEncoding = 4; lastKnownFileType = sourcecode.c.h; path = ZPURLRoutePushProtocol.h; sourceTree = "<group>"; };
		C120FBA82579D8C50050E720 /* ZPURLRoutePopProtocol.h */ = {isa = PBXFileReference; fileEncoding = 4; lastKnownFileType = sourcecode.c.h; path = ZPURLRoutePopProtocol.h; sourceTree = "<group>"; };
		C120FBA92579D8C50050E720 /* UIViewController+ZPRouter.m */ = {isa = PBXFileReference; fileEncoding = 4; lastKnownFileType = sourcecode.c.objc; path = "UIViewController+ZPRouter.m"; sourceTree = "<group>"; };
		C120FBAA2579D8C50050E720 /* ZPURLRouteHoldProtocol.h */ = {isa = PBXFileReference; fileEncoding = 4; lastKnownFileType = sourcecode.c.h; path = ZPURLRouteHoldProtocol.h; sourceTree = "<group>"; };
		C120FBAB2579D8C50050E720 /* ZPURLRouteKit.h */ = {isa = PBXFileReference; fileEncoding = 4; lastKnownFileType = sourcecode.c.h; path = ZPURLRouteKit.h; sourceTree = "<group>"; };
		C120FBAC2579D8C50050E720 /* ZPRouteConfig.h */ = {isa = PBXFileReference; fileEncoding = 4; lastKnownFileType = sourcecode.c.h; path = ZPRouteConfig.h; sourceTree = "<group>"; };
		C120FBAE2579D8C50050E720 /* NSString+ZPRemoveUnderscoreAndInitials.h */ = {isa = PBXFileReference; fileEncoding = 4; lastKnownFileType = sourcecode.c.h; path = "NSString+ZPRemoveUnderscoreAndInitials.h"; sourceTree = "<group>"; };
		C120FBAF2579D8C50050E720 /* ZPURLRouteResult.h */ = {isa = PBXFileReference; fileEncoding = 4; lastKnownFileType = sourcecode.c.h; path = ZPURLRouteResult.h; sourceTree = "<group>"; };
		C120FBB02579D8C50050E720 /* ZPURLBridge.m */ = {isa = PBXFileReference; fileEncoding = 4; lastKnownFileType = sourcecode.c.objc; path = ZPURLBridge.m; sourceTree = "<group>"; };
		C120FBB12579D8C50050E720 /* ZPRouteConfigProtocol.h */ = {isa = PBXFileReference; fileEncoding = 4; lastKnownFileType = sourcecode.c.h; path = ZPRouteConfigProtocol.h; sourceTree = "<group>"; };
		C120FBB22579D8C50050E720 /* UIViewController+ZPURLRoute.h */ = {isa = PBXFileReference; fileEncoding = 4; lastKnownFileType = sourcecode.c.h; path = "UIViewController+ZPURLRoute.h"; sourceTree = "<group>"; };
		C120FBB32579D8C50050E720 /* P_RouteYYModel.h */ = {isa = PBXFileReference; fileEncoding = 4; lastKnownFileType = sourcecode.c.h; path = P_RouteYYModel.h; sourceTree = "<group>"; };
		C120FBB42579D8C50050E720 /* UIViewController+PO_RouteURL.m */ = {isa = PBXFileReference; fileEncoding = 4; lastKnownFileType = sourcecode.c.objc; path = "UIViewController+PO_RouteURL.m"; sourceTree = "<group>"; };
		C120FBB52579D8C50050E720 /* NSDictionary+ZPURLQuery.h */ = {isa = PBXFileReference; fileEncoding = 4; lastKnownFileType = sourcecode.c.h; path = "NSDictionary+ZPURLQuery.h"; sourceTree = "<group>"; };
		C120FBB62579D8C50050E720 /* ZPRouterOption.m */ = {isa = PBXFileReference; fileEncoding = 4; lastKnownFileType = sourcecode.c.objc; path = ZPRouterOption.m; sourceTree = "<group>"; };
		C120FBB72579D8C50050E720 /* ZPURLRouteSupport.m */ = {isa = PBXFileReference; fileEncoding = 4; lastKnownFileType = sourcecode.c.objc; path = ZPURLRouteSupport.m; sourceTree = "<group>"; };
		C120FBB82579D8C50050E720 /* ZPURLRouteHold.m */ = {isa = PBXFileReference; fileEncoding = 4; lastKnownFileType = sourcecode.c.objc; path = ZPURLRouteHold.m; sourceTree = "<group>"; };
		C120FBB92579D8C50050E720 /* NSObject+ZPSwizzle.m */ = {isa = PBXFileReference; fileEncoding = 4; lastKnownFileType = sourcecode.c.objc; path = "NSObject+ZPSwizzle.m"; sourceTree = "<group>"; };
		C120FBBA2579D8C50050E720 /* NSString+ZPURLCode.h */ = {isa = PBXFileReference; fileEncoding = 4; lastKnownFileType = sourcecode.c.h; path = "NSString+ZPURLCode.h"; sourceTree = "<group>"; };
		C120FBBB2579D8C50050E720 /* ZPLoginHold.m */ = {isa = PBXFileReference; fileEncoding = 4; lastKnownFileType = sourcecode.c.objc; path = ZPLoginHold.m; sourceTree = "<group>"; };
		C120FBBC2579D8C50050E720 /* NSObject+P_RouteYYModel.m */ = {isa = PBXFileReference; fileEncoding = 4; lastKnownFileType = sourcecode.c.objc; path = "NSObject+P_RouteYYModel.m"; sourceTree = "<group>"; };
		C120FBBD2579D8C50050E720 /* NSURL+ZPURLWithStringEncode.h */ = {isa = PBXFileReference; fileEncoding = 4; lastKnownFileType = sourcecode.c.h; path = "NSURL+ZPURLWithStringEncode.h"; sourceTree = "<group>"; };
		C120FBBE2579D8C50050E720 /* ZPURLRouteHandle.m */ = {isa = PBXFileReference; fileEncoding = 4; lastKnownFileType = sourcecode.c.objc; path = ZPURLRouteHandle.m; sourceTree = "<group>"; };
		C120FBBF2579D8C50050E720 /* ZPURLRouteConfig.h */ = {isa = PBXFileReference; fileEncoding = 4; lastKnownFileType = sourcecode.c.h; path = ZPURLRouteConfig.h; sourceTree = "<group>"; };
		C120FBC02579D8C50050E720 /* ZPURLRoute.m */ = {isa = PBXFileReference; fileEncoding = 4; lastKnownFileType = sourcecode.c.objc; path = ZPURLRoute.m; sourceTree = "<group>"; };
		C120FBC12579D8C50050E720 /* P_RouteYYClassInfo.m */ = {isa = PBXFileReference; fileEncoding = 4; lastKnownFileType = sourcecode.c.objc; path = P_RouteYYClassInfo.m; sourceTree = "<group>"; };
		C120FBC22579D8C50050E720 /* ZPRouteResultModel.h */ = {isa = PBXFileReference; fileEncoding = 4; lastKnownFileType = sourcecode.c.h; path = ZPRouteResultModel.h; sourceTree = "<group>"; };
		C120FBC32579D8C50050E720 /* NSDictionary+ZPJSON.h */ = {isa = PBXFileReference; fileEncoding = 4; lastKnownFileType = sourcecode.c.h; path = "NSDictionary+ZPJSON.h"; sourceTree = "<group>"; };
		C120FBC42579D8C50050E720 /* ZPRouteScheme.m */ = {isa = PBXFileReference; fileEncoding = 4; lastKnownFileType = sourcecode.c.objc; path = ZPRouteScheme.m; sourceTree = "<group>"; };
		C120FBC52579D8C50050E720 /* ZPRouterOption.h */ = {isa = PBXFileReference; fileEncoding = 4; lastKnownFileType = sourcecode.c.h; path = ZPRouterOption.h; sourceTree = "<group>"; };
		C120FBC62579D8C50050E720 /* NSDictionary+ZPURLQuery.m */ = {isa = PBXFileReference; fileEncoding = 4; lastKnownFileType = sourcecode.c.objc; path = "NSDictionary+ZPURLQuery.m"; sourceTree = "<group>"; };
		C120FBC72579D8C50050E720 /* UIViewController+PO_RouteURL.h */ = {isa = PBXFileReference; fileEncoding = 4; lastKnownFileType = sourcecode.c.h; path = "UIViewController+PO_RouteURL.h"; sourceTree = "<group>"; };
		C120FBC82579D8C50050E720 /* UIViewController+ZPURLRoute.m */ = {isa = PBXFileReference; fileEncoding = 4; lastKnownFileType = sourcecode.c.objc; path = "UIViewController+ZPURLRoute.m"; sourceTree = "<group>"; };
		C120FBC92579D8C50050E720 /* ZPURLBridge.h */ = {isa = PBXFileReference; fileEncoding = 4; lastKnownFileType = sourcecode.c.h; path = ZPURLBridge.h; sourceTree = "<group>"; };
		C120FBCA2579D8C50050E720 /* ZPURLRouteResult.m */ = {isa = PBXFileReference; fileEncoding = 4; lastKnownFileType = sourcecode.c.objc; path = ZPURLRouteResult.m; sourceTree = "<group>"; };
		C120FBCB2579D8C50050E720 /* NSString+ZPRemoveUnderscoreAndInitials.m */ = {isa = PBXFileReference; fileEncoding = 4; lastKnownFileType = sourcecode.c.objc; path = "NSString+ZPRemoveUnderscoreAndInitials.m"; sourceTree = "<group>"; };
		C120FBCC2579D8C50050E720 /* ZPURLRouteHold.h */ = {isa = PBXFileReference; fileEncoding = 4; lastKnownFileType = sourcecode.c.h; path = ZPURLRouteHold.h; sourceTree = "<group>"; };
		C120FBCD2579D8C50050E720 /* ZPURLRouteSupport.h */ = {isa = PBXFileReference; fileEncoding = 4; lastKnownFileType = sourcecode.c.h; path = ZPURLRouteSupport.h; sourceTree = "<group>"; };
		C120FBCE2579D8C50050E720 /* ZPURLRouteConfig.m */ = {isa = PBXFileReference; fileEncoding = 4; lastKnownFileType = sourcecode.c.objc; path = ZPURLRouteConfig.m; sourceTree = "<group>"; };
		C120FBCF2579D8C50050E720 /* ZPURLRouteHandle.h */ = {isa = PBXFileReference; fileEncoding = 4; lastKnownFileType = sourcecode.c.h; path = ZPURLRouteHandle.h; sourceTree = "<group>"; };
		C120FBD02579D8C50050E720 /* ZPDefaultClientURLRoute.plist */ = {isa = PBXFileReference; fileEncoding = 4; lastKnownFileType = text.plist.xml; path = ZPDefaultClientURLRoute.plist; sourceTree = "<group>"; };
		C120FBD12579D8C50050E720 /* NSObject+P_RouteYYModel.h */ = {isa = PBXFileReference; fileEncoding = 4; lastKnownFileType = sourcecode.c.h; path = "NSObject+P_RouteYYModel.h"; sourceTree = "<group>"; };
		C120FBD22579D8C50050E720 /* NSString+ZPURLCode.m */ = {isa = PBXFileReference; fileEncoding = 4; lastKnownFileType = sourcecode.c.objc; path = "NSString+ZPURLCode.m"; sourceTree = "<group>"; };
		C120FBD32579D8C50050E720 /* ZPLoginHold.h */ = {isa = PBXFileReference; fileEncoding = 4; lastKnownFileType = sourcecode.c.h; path = ZPLoginHold.h; sourceTree = "<group>"; };
		C120FBD42579D8C50050E720 /* NSObject+ZPSwizzle.h */ = {isa = PBXFileReference; fileEncoding = 4; lastKnownFileType = sourcecode.c.h; path = "NSObject+ZPSwizzle.h"; sourceTree = "<group>"; };
		C120FBD52579D8C50050E720 /* NSURL+ZPURLWithStringEncode.m */ = {isa = PBXFileReference; fileEncoding = 4; lastKnownFileType = sourcecode.c.objc; path = "NSURL+ZPURLWithStringEncode.m"; sourceTree = "<group>"; };
		C120FBD62579D8C50050E720 /* ZPRouteScheme.h */ = {isa = PBXFileReference; fileEncoding = 4; lastKnownFileType = sourcecode.c.h; path = ZPRouteScheme.h; sourceTree = "<group>"; };
		C120FBD72579D8C50050E720 /* NSDictionary+ZPJSON.m */ = {isa = PBXFileReference; fileEncoding = 4; lastKnownFileType = sourcecode.c.objc; path = "NSDictionary+ZPJSON.m"; sourceTree = "<group>"; };
		C120FBD82579D8C50050E720 /* ZPRouteResultModel.m */ = {isa = PBXFileReference; fileEncoding = 4; lastKnownFileType = sourcecode.c.objc; path = ZPRouteResultModel.m; sourceTree = "<group>"; };
		C120FBD92579D8C50050E720 /* P_RouteYYClassInfo.h */ = {isa = PBXFileReference; fileEncoding = 4; lastKnownFileType = sourcecode.c.h; path = P_RouteYYClassInfo.h; sourceTree = "<group>"; };
		C120FBDA2579D8C50050E720 /* ZPURLRoute.h */ = {isa = PBXFileReference; fileEncoding = 4; lastKnownFileType = sourcecode.c.h; path = ZPURLRoute.h; sourceTree = "<group>"; };
		C15A829D25763DA7005CC2AB /* TestModuleAControllerTwo.h */ = {isa = PBXFileReference; lastKnownFileType = sourcecode.c.h; path = TestModuleAControllerTwo.h; sourceTree = "<group>"; };
		C15A829E25763DA7005CC2AB /* TestModuleAControllerTwo.m */ = {isa = PBXFileReference; lastKnownFileType = sourcecode.c.objc; path = TestModuleAControllerTwo.m; sourceTree = "<group>"; };
		C15A82B825773CB5005CC2AB /* TestModuleAControllerThree.h */ = {isa = PBXFileReference; lastKnownFileType = sourcecode.c.h; path = TestModuleAControllerThree.h; sourceTree = "<group>"; };
		C15A82B925773CB5005CC2AB /* TestModuleAControllerThree.m */ = {isa = PBXFileReference; lastKnownFileType = sourcecode.c.objc; path = TestModuleAControllerThree.m; sourceTree = "<group>"; };
		C15A82BA25773CB5005CC2AB /* TestModuleAControllerThree.xib */ = {isa = PBXFileReference; lastKnownFileType = file.xib; path = TestModuleAControllerThree.xib; sourceTree = "<group>"; };
		C17E2F2B2574EB2200A2A409 /* demo.app */ = {isa = PBXFileReference; explicitFileType = wrapper.application; includeInIndex = 0; path = demo.app; sourceTree = BUILT_PRODUCTS_DIR; };
		C17E2F2E2574EB2200A2A409 /* AppDelegate.h */ = {isa = PBXFileReference; lastKnownFileType = sourcecode.c.h; path = AppDelegate.h; sourceTree = "<group>"; };
		C17E2F2F2574EB2200A2A409 /* AppDelegate.m */ = {isa = PBXFileReference; lastKnownFileType = sourcecode.c.objc; path = AppDelegate.m; sourceTree = "<group>"; };
		C17E2F342574EB2200A2A409 /* ViewController.h */ = {isa = PBXFileReference; lastKnownFileType = sourcecode.c.h; path = ViewController.h; sourceTree = "<group>"; };
		C17E2F352574EB2200A2A409 /* ViewController.m */ = {isa = PBXFileReference; lastKnownFileType = sourcecode.c.objc; path = ViewController.m; sourceTree = "<group>"; };
		C17E2F382574EB2200A2A409 /* Base */ = {isa = PBXFileReference; lastKnownFileType = file.storyboard; name = Base; path = Base.lproj/Main.storyboard; sourceTree = "<group>"; };
		C17E2F3A2574EB2500A2A409 /* Assets.xcassets */ = {isa = PBXFileReference; lastKnownFileType = folder.assetcatalog; path = Assets.xcassets; sourceTree = "<group>"; };
		C17E2F3D2574EB2500A2A409 /* Base */ = {isa = PBXFileReference; lastKnownFileType = file.storyboard; name = Base; path = Base.lproj/LaunchScreen.storyboard; sourceTree = "<group>"; };
		C17E2F3F2574EB2500A2A409 /* Info.plist */ = {isa = PBXFileReference; lastKnownFileType = text.plist.xml; path = Info.plist; sourceTree = "<group>"; };
		C17E2F402574EB2500A2A409 /* main.m */ = {isa = PBXFileReference; lastKnownFileType = sourcecode.c.objc; path = main.m; sourceTree = "<group>"; };
		C17E2F462574EB2500A2A409 /* demoTests.xctest */ = {isa = PBXFileReference; explicitFileType = wrapper.cfbundle; includeInIndex = 0; path = demoTests.xctest; sourceTree = BUILT_PRODUCTS_DIR; };
		C17E2F4A2574EB2500A2A409 /* demoTests.m */ = {isa = PBXFileReference; lastKnownFileType = sourcecode.c.objc; path = demoTests.m; sourceTree = "<group>"; };
		C17E2F4C2574EB2500A2A409 /* Info.plist */ = {isa = PBXFileReference; lastKnownFileType = text.plist.xml; path = Info.plist; sourceTree = "<group>"; };
		C17E2F512574EB2500A2A409 /* demoUITests.xctest */ = {isa = PBXFileReference; explicitFileType = wrapper.cfbundle; includeInIndex = 0; path = demoUITests.xctest; sourceTree = BUILT_PRODUCTS_DIR; };
		C17E2F552574EB2500A2A409 /* demoUITests.m */ = {isa = PBXFileReference; lastKnownFileType = sourcecode.c.objc; path = demoUITests.m; sourceTree = "<group>"; };
		C17E2F572574EB2500A2A409 /* Info.plist */ = {isa = PBXFileReference; lastKnownFileType = text.plist.xml; path = Info.plist; sourceTree = "<group>"; };
		C17E30782575157600A2A409 /* TestRouteConfig.h */ = {isa = PBXFileReference; lastKnownFileType = sourcecode.c.h; path = TestRouteConfig.h; sourceTree = "<group>"; };
		C17E30792575157600A2A409 /* TestRouteConfig.m */ = {isa = PBXFileReference; lastKnownFileType = sourcecode.c.objc; path = TestRouteConfig.m; sourceTree = "<group>"; };
		C17E30842575199200A2A409 /* TestModule_A.plist */ = {isa = PBXFileReference; fileEncoding = 4; lastKnownFileType = text.plist.xml; path = TestModule_A.plist; sourceTree = "<group>"; };
		C17E30852575199200A2A409 /* TestModule_B.plist */ = {isa = PBXFileReference; fileEncoding = 4; lastKnownFileType = text.plist.xml; path = TestModule_B.plist; sourceTree = "<group>"; };
		C17E30872575199200A2A409 /* TestModule_C.plist */ = {isa = PBXFileReference; fileEncoding = 4; lastKnownFileType = text.plist.xml; path = TestModule_C.plist; sourceTree = "<group>"; };
		C17E30B325751DB100A2A409 /* TestModuleAControllerOne.h */ = {isa = PBXFileReference; lastKnownFileType = sourcecode.c.h; path = TestModuleAControllerOne.h; sourceTree = "<group>"; };
		C17E30B425751DB100A2A409 /* TestModuleAControllerOne.m */ = {isa = PBXFileReference; lastKnownFileType = sourcecode.c.objc; path = TestModuleAControllerOne.m; sourceTree = "<group>"; };
		C17E30BC25751DC500A2A409 /* TestModuleBControllerOne.h */ = {isa = PBXFileReference; lastKnownFileType = sourcecode.c.h; path = TestModuleBControllerOne.h; sourceTree = "<group>"; };
		C17E30BD25751DC500A2A409 /* TestModuleBControllerOne.m */ = {isa = PBXFileReference; lastKnownFileType = sourcecode.c.objc; path = TestModuleBControllerOne.m; sourceTree = "<group>"; };
		C17E30C225751DD100A2A409 /* TestModuleBControllerTwo.h */ = {isa = PBXFileReference; lastKnownFileType = sourcecode.c.h; path = TestModuleBControllerTwo.h; sourceTree = "<group>"; };
		C17E30C325751DD100A2A409 /* TestModuleBControllerTwo.m */ = {isa = PBXFileReference; lastKnownFileType = sourcecode.c.objc; path = TestModuleBControllerTwo.m; sourceTree = "<group>"; };
		C17E30C825751DF200A2A409 /* TestOneHold.h */ = {isa = PBXFileReference; lastKnownFileType = sourcecode.c.h; path = TestOneHold.h; sourceTree = "<group>"; };
		C17E30C925751DF200A2A409 /* TestOneHold.m */ = {isa = PBXFileReference; lastKnownFileType = sourcecode.c.objc; path = TestOneHold.m; sourceTree = "<group>"; };
		C17E30D125751E2B00A2A409 /* TestModuleCControllerOne.h */ = {isa = PBXFileReference; lastKnownFileType = sourcecode.c.h; path = TestModuleCControllerOne.h; sourceTree = "<group>"; };
		C17E30D225751E2B00A2A409 /* TestModuleCControllerOne.m */ = {isa = PBXFileReference; lastKnownFileType = sourcecode.c.objc; path = TestModuleCControllerOne.m; sourceTree = "<group>"; };
		C1CFDA8D257B2A170059D3FF /* SceneDelegate.h */ = {isa = PBXFileReference; fileEncoding = 4; lastKnownFileType = sourcecode.c.h; path = SceneDelegate.h; sourceTree = "<group>"; };
		C1CFDA8E257B2A170059D3FF /* SceneDelegate.m */ = {isa = PBXFileReference; fileEncoding = 4; lastKnownFileType = sourcecode.c.objc; path = SceneDelegate.m; sourceTree = "<group>"; };
/* End PBXFileReference section */

/* Begin PBXFrameworksBuildPhase section */
		C17E2F282574EB2200A2A409 /* Frameworks */ = {
			isa = PBXFrameworksBuildPhase;
			buildActionMask = 2147483647;
			files = (
			);
			runOnlyForDeploymentPostprocessing = 0;
		};
		C17E2F432574EB2500A2A409 /* Frameworks */ = {
			isa = PBXFrameworksBuildPhase;
			buildActionMask = 2147483647;
			files = (
			);
			runOnlyForDeploymentPostprocessing = 0;
		};
		C17E2F4E2574EB2500A2A409 /* Frameworks */ = {
			isa = PBXFrameworksBuildPhase;
			buildActionMask = 2147483647;
			files = (
			);
			runOnlyForDeploymentPostprocessing = 0;
		};
/* End PBXFrameworksBuildPhase section */

/* Begin PBXGroup section */
		C120FBA42579D8C50050E720 /* URLRoute */ = {
			isa = PBXGroup;
			children = (
				C120FBAD2579D8C50050E720 /* Router */,
				C120FBAB2579D8C50050E720 /* ZPURLRouteKit.h */,
				C120FBA52579D8C50050E720 /* UIViewController+ZPRouter.h */,
				C120FBA92579D8C50050E720 /* UIViewController+ZPRouter.m */,
				C120FBAC2579D8C50050E720 /* ZPRouteConfig.h */,
				C120FBA62579D8C50050E720 /* ZPRouteConfig.m */,
				C120FBAA2579D8C50050E720 /* ZPURLRouteHoldProtocol.h */,
				C120FBA82579D8C50050E720 /* ZPURLRoutePopProtocol.h */,
				C120FBA72579D8C50050E720 /* ZPURLRoutePushProtocol.h */,
			);
			name = URLRoute;
			path = ../../URLRoute/URLRoute;
			sourceTree = "<group>";
		};
		C120FBAD2579D8C50050E720 /* Router */ = {
			isa = PBXGroup;
			children = (
				C120FBD02579D8C50050E720 /* ZPDefaultClientURLRoute.plist */,
				C120FBC32579D8C50050E720 /* NSDictionary+ZPJSON.h */,
				C120FBD72579D8C50050E720 /* NSDictionary+ZPJSON.m */,
				C120FBB52579D8C50050E720 /* NSDictionary+ZPURLQuery.h */,
				C120FBC62579D8C50050E720 /* NSDictionary+ZPURLQuery.m */,
				C120FBD12579D8C50050E720 /* NSObject+P_RouteYYModel.h */,
				C120FBBC2579D8C50050E720 /* NSObject+P_RouteYYModel.m */,
				C120FBD42579D8C50050E720 /* NSObject+ZPSwizzle.h */,
				C120FBB92579D8C50050E720 /* NSObject+ZPSwizzle.m */,
				C120FBAE2579D8C50050E720 /* NSString+ZPRemoveUnderscoreAndInitials.h */,
				C120FBCB2579D8C50050E720 /* NSString+ZPRemoveUnderscoreAndInitials.m */,
				C120FBBA2579D8C50050E720 /* NSString+ZPURLCode.h */,
				C120FBD22579D8C50050E720 /* NSString+ZPURLCode.m */,
				C120FBBD2579D8C50050E720 /* NSURL+ZPURLWithStringEncode.h */,
				C120FBD52579D8C50050E720 /* NSURL+ZPURLWithStringEncode.m */,
				C120FBD92579D8C50050E720 /* P_RouteYYClassInfo.h */,
				C120FBC12579D8C50050E720 /* P_RouteYYClassInfo.m */,
				C120FBB32579D8C50050E720 /* P_RouteYYModel.h */,
				C120FBC72579D8C50050E720 /* UIViewController+PO_RouteURL.h */,
				C120FBB42579D8C50050E720 /* UIViewController+PO_RouteURL.m */,
				C120FBB22579D8C50050E720 /* UIViewController+ZPURLRoute.h */,
				C120FBC82579D8C50050E720 /* UIViewController+ZPURLRoute.m */,
				C120FBD32579D8C50050E720 /* ZPLoginHold.h */,
				C120FBBB2579D8C50050E720 /* ZPLoginHold.m */,
				C120FBB12579D8C50050E720 /* ZPRouteConfigProtocol.h */,
				C120FBC22579D8C50050E720 /* ZPRouteResultModel.h */,
				C120FBD82579D8C50050E720 /* ZPRouteResultModel.m */,
				C120FBC52579D8C50050E720 /* ZPRouterOption.h */,
				C120FBB62579D8C50050E720 /* ZPRouterOption.m */,
				C120FBD62579D8C50050E720 /* ZPRouteScheme.h */,
				C120FBC42579D8C50050E720 /* ZPRouteScheme.m */,
				C120FBC92579D8C50050E720 /* ZPURLBridge.h */,
				C120FBB02579D8C50050E720 /* ZPURLBridge.m */,
				C120FBDA2579D8C50050E720 /* ZPURLRoute.h */,
				C120FBC02579D8C50050E720 /* ZPURLRoute.m */,
				C120FBBF2579D8C50050E720 /* ZPURLRouteConfig.h */,
				C120FBCE2579D8C50050E720 /* ZPURLRouteConfig.m */,
				C120FBCF2579D8C50050E720 /* ZPURLRouteHandle.h */,
				C120FBBE2579D8C50050E720 /* ZPURLRouteHandle.m */,
				C120FBCC2579D8C50050E720 /* ZPURLRouteHold.h */,
				C120FBB82579D8C50050E720 /* ZPURLRouteHold.m */,
				C120FBAF2579D8C50050E720 /* ZPURLRouteResult.h */,
				C120FBCA2579D8C50050E720 /* ZPURLRouteResult.m */,
				C120FBCD2579D8C50050E720 /* ZPURLRouteSupport.h */,
				C120FBB72579D8C50050E720 /* ZPURLRouteSupport.m */,
			);
			path = Router;
			sourceTree = "<group>";
		};
		C17E2F222574EB2200A2A409 = {
			isa = PBXGroup;
			children = (
				C17E2F2D2574EB2200A2A409 /* demo */,
				C17E2F492574EB2500A2A409 /* demoTests */,
				C17E2F542574EB2500A2A409 /* demoUITests */,
				C17E2F2C2574EB2200A2A409 /* Products */,
			);
			sourceTree = "<group>";
		};
		C17E2F2C2574EB2200A2A409 /* Products */ = {
			isa = PBXGroup;
			children = (
				C17E2F2B2574EB2200A2A409 /* demo.app */,
				C17E2F462574EB2500A2A409 /* demoTests.xctest */,
				C17E2F512574EB2500A2A409 /* demoUITests.xctest */,
			);
			name = Products;
			sourceTree = "<group>";
		};
		C17E2F2D2574EB2200A2A409 /* demo */ = {
			isa = PBXGroup;
			children = (
				C120FBA42579D8C50050E720 /* URLRoute */,
				C17E2F2E2574EB2200A2A409 /* AppDelegate.h */,
				C17E2F2F2574EB2200A2A409 /* AppDelegate.m */,
				C1CFDA8D257B2A170059D3FF /* SceneDelegate.h */,
				C1CFDA8E257B2A170059D3FF /* SceneDelegate.m */,
				C17E2F342574EB2200A2A409 /* ViewController.h */,
				C17E2F352574EB2200A2A409 /* ViewController.m */,
				C17E30782575157600A2A409 /* TestRouteConfig.h */,
				C17E30792575157600A2A409 /* TestRouteConfig.m */,
				C120FB7D257796A20050E720 /* TestErrorController.h */,
				C120FB7E257796A20050E720 /* TestErrorController.m */,
				C17E30832575199200A2A409 /* Module_A */,
				C17E30882575199200A2A409 /* Module_B */,
				C17E30862575199200A2A409 /* Module_C */,
				C17E2F372574EB2200A2A409 /* Main.storyboard */,
				C17E2F3A2574EB2500A2A409 /* Assets.xcassets */,
				C17E2F3C2574EB2500A2A409 /* LaunchScreen.storyboard */,
				C17E2F3F2574EB2500A2A409 /* Info.plist */,
				C17E2F402574EB2500A2A409 /* main.m */,
			);
			path = demo;
			sourceTree = "<group>";
		};
		C17E2F492574EB2500A2A409 /* demoTests */ = {
			isa = PBXGroup;
			children = (
				C17E2F4A2574EB2500A2A409 /* demoTests.m */,
				C17E2F4C2574EB2500A2A409 /* Info.plist */,
			);
			path = demoTests;
			sourceTree = "<group>";
		};
		C17E2F542574EB2500A2A409 /* demoUITests */ = {
			isa = PBXGroup;
			children = (
				C17E2F552574EB2500A2A409 /* demoUITests.m */,
				C17E2F572574EB2500A2A409 /* Info.plist */,
			);
			path = demoUITests;
			sourceTree = "<group>";
		};
		C17E30832575199200A2A409 /* Module_A */ = {
			isa = PBXGroup;
			children = (
				C17E30842575199200A2A409 /* TestModule_A.plist */,
				C120FB8C2578CCC00050E720 /* TestWebHold.h */,
				C120FB8D2578CCC00050E720 /* TestWebHold.m */,
				C120FB982578F3C00050E720 /* TestWebKeyHold.h */,
				C120FB992578F3C00050E720 /* TestWebKeyHold.m */,
				C120FB922578E8850050E720 /* TestWebViewController.h */,
				C120FB932578E8850050E720 /* TestWebViewController.m */,
				C17E30B325751DB100A2A409 /* TestModuleAControllerOne.h */,
				C17E30B425751DB100A2A409 /* TestModuleAControllerOne.m */,
				C15A829D25763DA7005CC2AB /* TestModuleAControllerTwo.h */,
				C15A829E25763DA7005CC2AB /* TestModuleAControllerTwo.m */,
				C15A82B825773CB5005CC2AB /* TestModuleAControllerThree.h */,
				C15A82B925773CB5005CC2AB /* TestModuleAControllerThree.m */,
				C15A82BA25773CB5005CC2AB /* TestModuleAControllerThree.xib */,
			);
			path = Module_A;
			sourceTree = "<group>";
		};
		C17E30862575199200A2A409 /* Module_C */ = {
			isa = PBXGroup;
			children = (
				C17E30872575199200A2A409 /* TestModule_C.plist */,
				C17E30D125751E2B00A2A409 /* TestModuleCControllerOne.h */,
				C17E30D225751E2B00A2A409 /* TestModuleCControllerOne.m */,
			);
			path = Module_C;
			sourceTree = "<group>";
		};
		C17E30882575199200A2A409 /* Module_B */ = {
			isa = PBXGroup;
			children = (
				C17E30852575199200A2A409 /* TestModule_B.plist */,
				C17E30C825751DF200A2A409 /* TestOneHold.h */,
				C17E30C925751DF200A2A409 /* TestOneHold.m */,
				C17E30BC25751DC500A2A409 /* TestModuleBControllerOne.h */,
				C17E30BD25751DC500A2A409 /* TestModuleBControllerOne.m */,
				C17E30C225751DD100A2A409 /* TestModuleBControllerTwo.h */,
				C17E30C325751DD100A2A409 /* TestModuleBControllerTwo.m */,
			);
			path = Module_B;
			sourceTree = "<group>";
		};
/* End PBXGroup section */

/* Begin PBXNativeTarget section */
		C17E2F2A2574EB2200A2A409 /* demo */ = {
			isa = PBXNativeTarget;
			buildConfigurationList = C17E2F5A2574EB2500A2A409 /* Build configuration list for PBXNativeTarget "demo" */;
			buildPhases = (
				C17E2F272574EB2200A2A409 /* Sources */,
				C17E2F282574EB2200A2A409 /* Frameworks */,
				C17E2F292574EB2200A2A409 /* Resources */,
			);
			buildRules = (
			);
			dependencies = (
			);
			name = demo;
			productName = demo;
			productReference = C17E2F2B2574EB2200A2A409 /* demo.app */;
			productType = "com.apple.product-type.application";
		};
		C17E2F452574EB2500A2A409 /* demoTests */ = {
			isa = PBXNativeTarget;
			buildConfigurationList = C17E2F5D2574EB2500A2A409 /* Build configuration list for PBXNativeTarget "demoTests" */;
			buildPhases = (
				C17E2F422574EB2500A2A409 /* Sources */,
				C17E2F432574EB2500A2A409 /* Frameworks */,
				C17E2F442574EB2500A2A409 /* Resources */,
			);
			buildRules = (
			);
			dependencies = (
				C17E2F482574EB2500A2A409 /* PBXTargetDependency */,
			);
			name = demoTests;
			productName = demoTests;
			productReference = C17E2F462574EB2500A2A409 /* demoTests.xctest */;
			productType = "com.apple.product-type.bundle.unit-test";
		};
		C17E2F502574EB2500A2A409 /* demoUITests */ = {
			isa = PBXNativeTarget;
			buildConfigurationList = C17E2F602574EB2500A2A409 /* Build configuration list for PBXNativeTarget "demoUITests" */;
			buildPhases = (
				C17E2F4D2574EB2500A2A409 /* Sources */,
				C17E2F4E2574EB2500A2A409 /* Frameworks */,
				C17E2F4F2574EB2500A2A409 /* Resources */,
			);
			buildRules = (
			);
			dependencies = (
				C17E2F532574EB2500A2A409 /* PBXTargetDependency */,
			);
			name = demoUITests;
			productName = demoUITests;
			productReference = C17E2F512574EB2500A2A409 /* demoUITests.xctest */;
			productType = "com.apple.product-type.bundle.ui-testing";
		};
/* End PBXNativeTarget section */

/* Begin PBXProject section */
		C17E2F232574EB2200A2A409 /* Project object */ = {
			isa = PBXProject;
			attributes = {
				LastUpgradeCheck = 1200;
				TargetAttributes = {
					C17E2F2A2574EB2200A2A409 = {
						CreatedOnToolsVersion = 12.0;
					};
					C17E2F452574EB2500A2A409 = {
						CreatedOnToolsVersion = 12.0;
						TestTargetID = C17E2F2A2574EB2200A2A409;
					};
					C17E2F502574EB2500A2A409 = {
						CreatedOnToolsVersion = 12.0;
						TestTargetID = C17E2F2A2574EB2200A2A409;
					};
				};
			};
			buildConfigurationList = C17E2F262574EB2200A2A409 /* Build configuration list for PBXProject "demo" */;
			compatibilityVersion = "Xcode 9.3";
			developmentRegion = en;
			hasScannedForEncodings = 0;
			knownRegions = (
				en,
				Base,
			);
			mainGroup = C17E2F222574EB2200A2A409;
			productRefGroup = C17E2F2C2574EB2200A2A409 /* Products */;
			projectDirPath = "";
			projectRoot = "";
			targets = (
				C17E2F2A2574EB2200A2A409 /* demo */,
				C17E2F452574EB2500A2A409 /* demoTests */,
				C17E2F502574EB2500A2A409 /* demoUITests */,
			);
		};
/* End PBXProject section */

/* Begin PBXResourcesBuildPhase section */
		C17E2F292574EB2200A2A409 /* Resources */ = {
			isa = PBXResourcesBuildPhase;
			buildActionMask = 2147483647;
			files = (
				C17E30892575199200A2A409 /* TestModule_A.plist in Resources */,
				C15A82BC25773CB5005CC2AB /* TestModuleAControllerThree.xib in Resources */,
				C17E2F3E2574EB2500A2A409 /* LaunchScreen.storyboard in Resources */,
				C120FBEE2579D8C60050E720 /* ZPDefaultClientURLRoute.plist in Resources */,
				C17E308A2575199200A2A409 /* TestModule_B.plist in Resources */,
				C17E308B2575199200A2A409 /* TestModule_C.plist in Resources */,
				C17E2F3B2574EB2500A2A409 /* Assets.xcassets in Resources */,
				C17E2F392574EB2200A2A409 /* Main.storyboard in Resources */,
			);
			runOnlyForDeploymentPostprocessing = 0;
		};
		C17E2F442574EB2500A2A409 /* Resources */ = {
			isa = PBXResourcesBuildPhase;
			buildActionMask = 2147483647;
			files = (
			);
			runOnlyForDeploymentPostprocessing = 0;
		};
		C17E2F4F2574EB2500A2A409 /* Resources */ = {
			isa = PBXResourcesBuildPhase;
			buildActionMask = 2147483647;
			files = (
			);
			runOnlyForDeploymentPostprocessing = 0;
		};
/* End PBXResourcesBuildPhase section */

/* Begin PBXSourcesBuildPhase section */
		C17E2F272574EB2200A2A409 /* Sources */ = {
			isa = PBXSourcesBuildPhase;
			buildActionMask = 2147483647;
			files = (
				C17E30B525751DB100A2A409 /* TestModuleAControllerOne.m in Sources */,
				C120FBDE2579D8C60050E720 /* UIViewController+PO_RouteURL.m in Sources */,
				C120FBF12579D8C60050E720 /* NSDictionary+ZPJSON.m in Sources */,
				C120FBEF2579D8C60050E720 /* NSString+ZPURLCode.m in Sources */,
				C120FBEB2579D8C60050E720 /* ZPURLRouteResult.m in Sources */,
				C17E30BE25751DC500A2A409 /* TestModuleBControllerOne.m in Sources */,
				C120FBE02579D8C60050E720 /* ZPURLRouteSupport.m in Sources */,
				C120FBDB2579D8C60050E720 /* ZPRouteConfig.m in Sources */,
				C120FBEC2579D8C60050E720 /* NSString+ZPRemoveUnderscoreAndInitials.m in Sources */,
				C17E30D325751E2B00A2A409 /* TestModuleCControllerOne.m in Sources */,
				C120FBE52579D8C60050E720 /* ZPURLRouteHandle.m in Sources */,
				C120FB9A2578F3C10050E720 /* TestWebKeyHold.m in Sources */,
				C120FB942578E8850050E720 /* TestWebViewController.m in Sources */,
				C120FBE12579D8C60050E720 /* ZPURLRouteHold.m in Sources */,
				C120FB7F257796A20050E720 /* TestErrorController.m in Sources */,
				C15A829F25763DA7005CC2AB /* TestModuleAControllerTwo.m in Sources */,
				C120FBEA2579D8C60050E720 /* UIViewController+ZPURLRoute.m in Sources */,
				C17E2F362574EB2200A2A409 /* ViewController.m in Sources */,
				C17E30C425751DD100A2A409 /* TestModuleBControllerTwo.m in Sources */,
				C17E2F302574EB2200A2A409 /* AppDelegate.m in Sources */,
				C120FBE42579D8C60050E720 /* NSObject+P_RouteYYModel.m in Sources */,
				C17E307A2575157600A2A409 /* TestRouteConfig.m in Sources */,
				C17E30CA25751DF200A2A409 /* TestOneHold.m in Sources */,
				C120FBF02579D8C60050E720 /* NSURL+ZPURLWithStringEncode.m in Sources */,
				C120FBE82579D8C60050E720 /* ZPRouteScheme.m in Sources */,
				C17E2F412574EB2500A2A409 /* main.m in Sources */,
				C120FBE62579D8C60050E720 /* ZPURLRoute.m in Sources */,
				C120FBED2579D8C60050E720 /* ZPURLRouteConfig.m in Sources */,
				C1CFDA8F257B2A170059D3FF /* SceneDelegate.m in Sources */,
				C120FBF22579D8C60050E720 /* ZPRouteResultModel.m in Sources */,
				C120FB8E2578CCC00050E720 /* TestWebHold.m in Sources */,
				C120FBDD2579D8C60050E720 /* ZPURLBridge.m in Sources */,
				C120FBE22579D8C60050E720 /* NSObject+ZPSwizzle.m in Sources */,
				C15A82BB25773CB5005CC2AB /* TestModuleAControllerThree.m in Sources */,
				C120FBE72579D8C60050E720 /* P_RouteYYClassInfo.m in Sources */,
				C120FBDC2579D8C60050E720 /* UIViewController+ZPRouter.m in Sources */,
				C120FBDF2579D8C60050E720 /* ZPRouterOption.m in Sources */,
				C120FBE92579D8C60050E720 /* NSDictionary+ZPURLQuery.m in Sources */,
				C120FBE32579D8C60050E720 /* ZPLoginHold.m in Sources */,
			);
			runOnlyForDeploymentPostprocessing = 0;
		};
		C17E2F422574EB2500A2A409 /* Sources */ = {
			isa = PBXSourcesBuildPhase;
			buildActionMask = 2147483647;
			files = (
				C17E2F4B2574EB2500A2A409 /* demoTests.m in Sources */,
			);
			runOnlyForDeploymentPostprocessing = 0;
		};
		C17E2F4D2574EB2500A2A409 /* Sources */ = {
			isa = PBXSourcesBuildPhase;
			buildActionMask = 2147483647;
			files = (
				C17E2F562574EB2500A2A409 /* demoUITests.m in Sources */,
			);
			runOnlyForDeploymentPostprocessing = 0;
		};
/* End PBXSourcesBuildPhase section */

/* Begin PBXTargetDependency section */
		C17E2F482574EB2500A2A409 /* PBXTargetDependency */ = {
			isa = PBXTargetDependency;
			target = C17E2F2A2574EB2200A2A409 /* demo */;
			targetProxy = C17E2F472574EB2500A2A409 /* PBXContainerItemProxy */;
		};
		C17E2F532574EB2500A2A409 /* PBXTargetDependency */ = {
			isa = PBXTargetDependency;
			target = C17E2F2A2574EB2200A2A409 /* demo */;
			targetProxy = C17E2F522574EB2500A2A409 /* PBXContainerItemProxy */;
		};
/* End PBXTargetDependency section */

/* Begin PBXVariantGroup section */
		C17E2F372574EB2200A2A409 /* Main.storyboard */ = {
			isa = PBXVariantGroup;
			children = (
				C17E2F382574EB2200A2A409 /* Base */,
			);
			name = Main.storyboard;
			sourceTree = "<group>";
		};
		C17E2F3C2574EB2500A2A409 /* LaunchScreen.storyboard */ = {
			isa = PBXVariantGroup;
			children = (
				C17E2F3D2574EB2500A2A409 /* Base */,
			);
			name = LaunchScreen.storyboard;
			sourceTree = "<group>";
		};
/* End PBXVariantGroup section */

/* Begin XCBuildConfiguration section */
		C17E2F582574EB2500A2A409 /* Debug */ = {
			isa = XCBuildConfiguration;
			buildSettings = {
				ALWAYS_SEARCH_USER_PATHS = NO;
				CLANG_ANALYZER_NONNULL = YES;
				CLANG_ANALYZER_NUMBER_OBJECT_CONVERSION = YES_AGGRESSIVE;
				CLANG_CXX_LANGUAGE_STANDARD = "gnu++14";
				CLANG_CXX_LIBRARY = "libc++";
				CLANG_ENABLE_MODULES = YES;
				CLANG_ENABLE_OBJC_ARC = YES;
				CLANG_ENABLE_OBJC_WEAK = YES;
				CLANG_WARN_BLOCK_CAPTURE_AUTORELEASING = YES;
				CLANG_WARN_BOOL_CONVERSION = YES;
				CLANG_WARN_COMMA = YES;
				CLANG_WARN_CONSTANT_CONVERSION = YES;
				CLANG_WARN_DEPRECATED_OBJC_IMPLEMENTATIONS = YES;
				CLANG_WARN_DIRECT_OBJC_ISA_USAGE = YES_ERROR;
				CLANG_WARN_DOCUMENTATION_COMMENTS = YES;
				CLANG_WARN_EMPTY_BODY = YES;
				CLANG_WARN_ENUM_CONVERSION = YES;
				CLANG_WARN_INFINITE_RECURSION = YES;
				CLANG_WARN_INT_CONVERSION = YES;
				CLANG_WARN_NON_LITERAL_NULL_CONVERSION = YES;
				CLANG_WARN_OBJC_IMPLICIT_RETAIN_SELF = YES;
				CLANG_WARN_OBJC_LITERAL_CONVERSION = YES;
				CLANG_WARN_OBJC_ROOT_CLASS = YES_ERROR;
				CLANG_WARN_QUOTED_INCLUDE_IN_FRAMEWORK_HEADER = YES;
				CLANG_WARN_RANGE_LOOP_ANALYSIS = YES;
				CLANG_WARN_STRICT_PROTOTYPES = YES;
				CLANG_WARN_SUSPICIOUS_MOVE = YES;
				CLANG_WARN_UNGUARDED_AVAILABILITY = YES_AGGRESSIVE;
				CLANG_WARN_UNREACHABLE_CODE = YES;
				CLANG_WARN__DUPLICATE_METHOD_MATCH = YES;
				COPY_PHASE_STRIP = NO;
				DEBUG_INFORMATION_FORMAT = dwarf;
				ENABLE_STRICT_OBJC_MSGSEND = YES;
				ENABLE_TESTABILITY = YES;
				GCC_C_LANGUAGE_STANDARD = gnu11;
				GCC_DYNAMIC_NO_PIC = NO;
				GCC_NO_COMMON_BLOCKS = YES;
				GCC_OPTIMIZATION_LEVEL = 0;
				GCC_PREPROCESSOR_DEFINITIONS = (
					"DEBUG=1",
					"$(inherited)",
				);
				GCC_WARN_64_TO_32_BIT_CONVERSION = YES;
				GCC_WARN_ABOUT_RETURN_TYPE = YES_ERROR;
				GCC_WARN_UNDECLARED_SELECTOR = YES;
				GCC_WARN_UNINITIALIZED_AUTOS = YES_AGGRESSIVE;
				GCC_WARN_UNUSED_FUNCTION = YES;
				GCC_WARN_UNUSED_VARIABLE = YES;
				IPHONEOS_DEPLOYMENT_TARGET = 14.0;
				MTL_ENABLE_DEBUG_INFO = INCLUDE_SOURCE;
				MTL_FAST_MATH = YES;
				ONLY_ACTIVE_ARCH = YES;
				SDKROOT = iphoneos;
			};
			name = Debug;
		};
		C17E2F592574EB2500A2A409 /* Release */ = {
			isa = XCBuildConfiguration;
			buildSettings = {
				ALWAYS_SEARCH_USER_PATHS = NO;
				CLANG_ANALYZER_NONNULL = YES;
				CLANG_ANALYZER_NUMBER_OBJECT_CONVERSION = YES_AGGRESSIVE;
				CLANG_CXX_LANGUAGE_STANDARD = "gnu++14";
				CLANG_CXX_LIBRARY = "libc++";
				CLANG_ENABLE_MODULES = YES;
				CLANG_ENABLE_OBJC_ARC = YES;
				CLANG_ENABLE_OBJC_WEAK = YES;
				CLANG_WARN_BLOCK_CAPTURE_AUTORELEASING = YES;
				CLANG_WARN_BOOL_CONVERSION = YES;
				CLANG_WARN_COMMA = YES;
				CLANG_WARN_CONSTANT_CONVERSION = YES;
				CLANG_WARN_DEPRECATED_OBJC_IMPLEMENTATIONS = YES;
				CLANG_WARN_DIRECT_OBJC_ISA_USAGE = YES_ERROR;
				CLANG_WARN_DOCUMENTATION_COMMENTS = YES;
				CLANG_WARN_EMPTY_BODY = YES;
				CLANG_WARN_ENUM_CONVERSION = YES;
				CLANG_WARN_INFINITE_RECURSION = YES;
				CLANG_WARN_INT_CONVERSION = YES;
				CLANG_WARN_NON_LITERAL_NULL_CONVERSION = YES;
				CLANG_WARN_OBJC_IMPLICIT_RETAIN_SELF = YES;
				CLANG_WARN_OBJC_LITERAL_CONVERSION = YES;
				CLANG_WARN_OBJC_ROOT_CLASS = YES_ERROR;
				CLANG_WARN_QUOTED_INCLUDE_IN_FRAMEWORK_HEADER = YES;
				CLANG_WARN_RANGE_LOOP_ANALYSIS = YES;
				CLANG_WARN_STRICT_PROTOTYPES = YES;
				CLANG_WARN_SUSPICIOUS_MOVE = YES;
				CLANG_WARN_UNGUARDED_AVAILABILITY = YES_AGGRESSIVE;
				CLANG_WARN_UNREACHABLE_CODE = YES;
				CLANG_WARN__DUPLICATE_METHOD_MATCH = YES;
				COPY_PHASE_STRIP = NO;
				DEBUG_INFORMATION_FORMAT = "dwarf-with-dsym";
				ENABLE_NS_ASSERTIONS = NO;
				ENABLE_STRICT_OBJC_MSGSEND = YES;
				GCC_C_LANGUAGE_STANDARD = gnu11;
				GCC_NO_COMMON_BLOCKS = YES;
				GCC_WARN_64_TO_32_BIT_CONVERSION = YES;
				GCC_WARN_ABOUT_RETURN_TYPE = YES_ERROR;
				GCC_WARN_UNDECLARED_SELECTOR = YES;
				GCC_WARN_UNINITIALIZED_AUTOS = YES_AGGRESSIVE;
				GCC_WARN_UNUSED_FUNCTION = YES;
				GCC_WARN_UNUSED_VARIABLE = YES;
				IPHONEOS_DEPLOYMENT_TARGET = 14.0;
				MTL_ENABLE_DEBUG_INFO = NO;
				MTL_FAST_MATH = YES;
				SDKROOT = iphoneos;
				VALIDATE_PRODUCT = YES;
			};
			name = Release;
		};
		C17E2F5B2574EB2500A2A409 /* Debug */ = {
			isa = XCBuildConfiguration;
			buildSettings = {
				ASSETCATALOG_COMPILER_APPICON_NAME = AppIcon;
				ASSETCATALOG_COMPILER_GLOBAL_ACCENT_COLOR_NAME = AccentColor;
				CODE_SIGN_STYLE = Automatic;
				INFOPLIST_FILE = demo/Info.plist;
				LD_RUNPATH_SEARCH_PATHS = (
					"$(inherited)",
					"@executable_path/Frameworks",
				);
				PRODUCT_BUNDLE_IDENTIFIER = "---.demo";
				PRODUCT_NAME = "$(TARGET_NAME)";
				TARGETED_DEVICE_FAMILY = "1,2";
			};
			name = Debug;
		};
		C17E2F5C2574EB2500A2A409 /* Release */ = {
			isa = XCBuildConfiguration;
			buildSettings = {
				ASSETCATALOG_COMPILER_APPICON_NAME = AppIcon;
				ASSETCATALOG_COMPILER_GLOBAL_ACCENT_COLOR_NAME = AccentColor;
				CODE_SIGN_STYLE = Automatic;
				INFOPLIST_FILE = demo/Info.plist;
				LD_RUNPATH_SEARCH_PATHS = (
					"$(inherited)",
					"@executable_path/Frameworks",
				);
				PRODUCT_BUNDLE_IDENTIFIER = "---.demo";
				PRODUCT_NAME = "$(TARGET_NAME)";
				TARGETED_DEVICE_FAMILY = "1,2";
			};
			name = Release;
		};
		C17E2F5E2574EB2500A2A409 /* Debug */ = {
			isa = XCBuildConfiguration;
			buildSettings = {
				BUNDLE_LOADER = "$(TEST_HOST)";
				CODE_SIGN_STYLE = Automatic;
				INFOPLIST_FILE = demoTests/Info.plist;
				IPHONEOS_DEPLOYMENT_TARGET = 14.0;
				LD_RUNPATH_SEARCH_PATHS = (
					"$(inherited)",
					"@executable_path/Frameworks",
					"@loader_path/Frameworks",
				);
				PRODUCT_BUNDLE_IDENTIFIER = "---.demoTests";
				PRODUCT_NAME = "$(TARGET_NAME)";
				TARGETED_DEVICE_FAMILY = "1,2";
				TEST_HOST = "$(BUILT_PRODUCTS_DIR)/demo.app/demo";
			};
			name = Debug;
		};
		C17E2F5F2574EB2500A2A409 /* Release */ = {
			isa = XCBuildConfiguration;
			buildSettings = {
				BUNDLE_LOADER = "$(TEST_HOST)";
				CODE_SIGN_STYLE = Automatic;
				INFOPLIST_FILE = demoTests/Info.plist;
				IPHONEOS_DEPLOYMENT_TARGET = 14.0;
				LD_RUNPATH_SEARCH_PATHS = (
					"$(inherited)",
					"@executable_path/Frameworks",
					"@loader_path/Frameworks",
				);
				PRODUCT_BUNDLE_IDENTIFIER = "---.demoTests";
				PRODUCT_NAME = "$(TARGET_NAME)";
				TARGETED_DEVICE_FAMILY = "1,2";
				TEST_HOST = "$(BUILT_PRODUCTS_DIR)/demo.app/demo";
			};
			name = Release;
		};
		C17E2F612574EB2500A2A409 /* Debug */ = {
			isa = XCBuildConfiguration;
			buildSettings = {
				CODE_SIGN_STYLE = Automatic;
				INFOPLIST_FILE = demoUITests/Info.plist;
				LD_RUNPATH_SEARCH_PATHS = (
					"$(inherited)",
					"@executable_path/Frameworks",
					"@loader_path/Frameworks",
				);
				PRODUCT_BUNDLE_IDENTIFIER = "---.demoUITests";
				PRODUCT_NAME = "$(TARGET_NAME)";
				TARGETED_DEVICE_FAMILY = "1,2";
				TEST_TARGET_NAME = demo;
			};
			name = Debug;
		};
		C17E2F622574EB2500A2A409 /* Release */ = {
			isa = XCBuildConfiguration;
			buildSettings = {
				CODE_SIGN_STYLE = Automatic;
				INFOPLIST_FILE = demoUITests/Info.plist;
				LD_RUNPATH_SEARCH_PATHS = (
					"$(inherited)",
					"@executable_path/Frameworks",
					"@loader_path/Frameworks",
				);
				PRODUCT_BUNDLE_IDENTIFIER = "---.demoUITests";
				PRODUCT_NAME = "$(TARGET_NAME)";
				TARGETED_DEVICE_FAMILY = "1,2";
				TEST_TARGET_NAME = demo;
			};
			name = Release;
		};
/* End XCBuildConfiguration section */

/* Begin XCConfigurationList section */
		C17E2F262574EB2200A2A409 /* Build configuration list for PBXProject "demo" */ = {
			isa = XCConfigurationList;
			buildConfigurations = (
				C17E2F582574EB2500A2A409 /* Debug */,
				C17E2F592574EB2500A2A409 /* Release */,
			);
			defaultConfigurationIsVisible = 0;
			defaultConfigurationName = Release;
		};
		C17E2F5A2574EB2500A2A409 /* Build configuration list for PBXNativeTarget "demo" */ = {
			isa = XCConfigurationList;
			buildConfigurations = (
				C17E2F5B2574EB2500A2A409 /* Debug */,
				C17E2F5C2574EB2500A2A409 /* Release */,
			);
			defaultConfigurationIsVisible = 0;
			defaultConfigurationName = Release;
		};
		C17E2F5D2574EB2500A2A409 /* Build configuration list for PBXNativeTarget "demoTests" */ = {
			isa = XCConfigurationList;
			buildConfigurations = (
				C17E2F5E2574EB2500A2A409 /* Debug */,
				C17E2F5F2574EB2500A2A409 /* Release */,
			);
			defaultConfigurationIsVisible = 0;
			defaultConfigurationName = Release;
		};
		C17E2F602574EB2500A2A409 /* Build configuration list for PBXNativeTarget "demoUITests" */ = {
			isa = XCConfigurationList;
			buildConfigurations = (
				C17E2F612574EB2500A2A409 /* Debug */,
				C17E2F622574EB2500A2A409 /* Release */,
			);
			defaultConfigurationIsVisible = 0;
			defaultConfigurationName = Release;
		};
/* End XCConfigurationList section */
	};
	rootObject = C17E2F232574EB2200A2A409 /* Project object */;
}
